# This file is autogenerated, do not edit; changes may be undone by the next 'dep ensure'.


[[projects]]
  branch = "master"
  name = "code.cloudfoundry.org/lager"
  packages = [
    ".",
    "internal/truncate"
  ]
  revision = "baf208c4c56b0a06ddec4a03c0348d072261d43a"

[[projects]]
  name = "github.com/gorilla/context"
  packages = ["."]
  revision = "08b5f424b9271eedf6f9f0ce86cb9396ed337a42"
  version = "v1.1.1"

[[projects]]
  name = "github.com/gorilla/mux"
  packages = ["."]
  revision = "e3702bed27f0d39777b0b37b664b6280e8ef8fbf"
  version = "v1.6.2"

[[projects]]
  name = "github.com/pivotal-cf/brokerapi"
  packages = [
    ".",
    "auth"
  ]
  revision = "4048f6de26b2169b7bc3063076b47964d02045eb"
  version = "v3.0.7"

[[projects]]
  name = "github.com/pivotal-cf/on-demand-services-sdk"
  packages = [
    "bosh",
    "serviceadapter"
  ]
  revision = "980106fb549f2e8d7fa20b7c8f998e5d30706188"
  version = "v0.24.0"

[[projects]]
  name = "github.com/pkg/errors"
  packages = ["."]
  revision = "645ef00459ed84a119197bfb8d8205042c6df63d"
  version = "v0.8.0"

[[projects]]
  name = "gopkg.in/go-playground/validator.v8"
  packages = ["."]
  revision = "5f1438d3fca68893a817e4a66806cea46a9e4ebf"
  version = "v8.18.2"

[[projects]]
  branch = "v2"
  name = "gopkg.in/yaml.v2"
  packages = ["."]
  revision = "51d6538a90f86fe93ac480b35f37b2be17fef232"

[solve-meta]
  analyzer-name = "dep"
  analyzer-version = 1
  inputs-digest = "f4e92a463861c6155555d31d9ffcd4393a7a3edad7ee72b44d0cf0a9e3478447"
  solver-name = "gps-cdcl"
  solver-version = 1
